
Microsoft Visual Studio Solution File, Format Version 12.00
# Visual Studio Version 17
VisualStudioVersion = 17.8.34330.188
MinimumVisualStudioVersion = 10.0.40219.1
Project("{FAE04EC0-301F-11D3-BF4B-00C04F79EFBC}") = "CryptoTransactionTracker", "CryptoTransactionTracker.csproj", "{4C891F24-97B2-4007-A283-C9E01412BA55}"
EndProject
Global
	GlobalSection(SolutionConfigurationPlatforms) = preSolution
		Debug|Any CPU = Debug|Any CPU
		Release|Any CPU = Release|Any CPU
	EndGlobalSection
	GlobalSection(ProjectConfigurationPlatforms) = postSolution
		{4C891F24-97B2-4007-A283-C9E01412BA55}.Debug|Any CPU.ActiveCfg = Debug|Any CPU
		{4C891F24-97B2-4007-A283-C9E01412BA55}.Debug|Any CPU.Build.0 = Debug|Any CPU
		{4C891F24-97B2-4007-A283-C9E01412BA55}.Release|Any CPU.ActiveCfg = Release|Any CPU
		{4C891F24-97B2-4007-A283-C9E01412BA55}.Release|Any CPU.Build.0 = Release|Any CPU
	EndGlobalSection
	GlobalSection(SolutionProperties) = preSolution
		HideSolutionNode = FALSE
	EndGlobalSection
	GlobalSection(ExtensibilityGlobals) = postSolution
		SolutionGuid = {2E2EEB5E-3799-4107-96A4-332469A9CF15}
	EndGlobalSection
EndGlobal
